// !$*UTF8*$!
{
	archiveVersion = 1;
	classes = {
	};
	objectVersion = 46;
	objects = {

/* Begin PBXBuildFile section */
		6304EF201D59B22800517FD5 /* AppDelegate.swift in Sources */ = {isa = PBXBuildFile; fileRef = 6304EF1F1D59B22800517FD5 /* AppDelegate.swift */; };
		6304EF251D59B22800517FD5 /* Main.storyboard in Resources */ = {isa = PBXBuildFile; fileRef = 6304EF231D59B22800517FD5 /* Main.storyboard */; };
		6304EF271D59B22800517FD5 /* Assets.xcassets in Resources */ = {isa = PBXBuildFile; fileRef = 6304EF261D59B22800517FD5 /* Assets.xcassets */; };
		6304EF2A1D59B22800517FD5 /* LaunchScreen.storyboard in Resources */ = {isa = PBXBuildFile; fileRef = 6304EF281D59B22800517FD5 /* LaunchScreen.storyboard */; };
		6304EF351D59B22800517FD5 /* TacoPOPTests.swift in Sources */ = {isa = PBXBuildFile; fileRef = 6304EF341D59B22800517FD5 /* TacoPOPTests.swift */; };
		6304EF461D59B2B700517FD5 /* MainVC.swift in Sources */ = {isa = PBXBuildFile; fileRef = 6304EF451D59B2B700517FD5 /* MainVC.swift */; };
		6304EF481D59B34E00517FD5 /* TacoPOPData.csv in Resources */ = {isa = PBXBuildFile; fileRef = 6304EF471D59B34E00517FD5 /* TacoPOPData.csv */; };
		6304EF4A1D59B41900517FD5 /* DropShadow.swift in Sources */ = {isa = PBXBuildFile; fileRef = 6304EF491D59B41900517FD5 /* DropShadow.swift */; };
		6304EF4C1D59B62E00517FD5 /* HeaderView.swift in Sources */ = {isa = PBXBuildFile; fileRef = 6304EF4B1D59B62E00517FD5 /* HeaderView.swift */; };
		6304EF4E1D59B7E500517FD5 /* Taco.swift in Sources */ = {isa = PBXBuildFile; fileRef = 6304EF4D1D59B7E500517FD5 /* Taco.swift */; };
		6304EF501D59BCBD00517FD5 /* DataService.swift in Sources */ = {isa = PBXBuildFile; fileRef = 6304EF4F1D59BCBD00517FD5 /* DataService.swift */; };
		6304EF531D59C00100517FD5 /* TacoCell.swift in Sources */ = {isa = PBXBuildFile; fileRef = 6304EF511D59C00100517FD5 /* TacoCell.swift */; };
		6304EF541D59C00100517FD5 /* TacoCell.xib in Resources */ = {isa = PBXBuildFile; fileRef = 6304EF521D59C00100517FD5 /* TacoCell.xib */; };
		6304EF561D59C4BC00517FD5 /* ReuseableView.swift in Sources */ = {isa = PBXBuildFile; fileRef = 6304EF551D59C4BC00517FD5 /* ReuseableView.swift */; };
		6304EF581D59C54000517FD5 /* NibLoadableView.swift in Sources */ = {isa = PBXBuildFile; fileRef = 6304EF571D59C54000517FD5 /* NibLoadableView.swift */; };
		6304EF5A1D59C5A700517FD5 /* UICollectionView+Ext.swift in Sources */ = {isa = PBXBuildFile; fileRef = 6304EF591D59C5A700517FD5 /* UICollectionView+Ext.swift */; };
		6304EF5C1D59CA4800517FD5 /* MutableCollection+Ext.swift in Sources */ = {isa = PBXBuildFile; fileRef = 6304EF5B1D59CA4800517FD5 /* MutableCollection+Ext.swift */; };
		6304EF5E1D59CBA400517FD5 /* Shakeable.swift in Sources */ = {isa = PBXBuildFile; fileRef = 6304EF5D1D59CBA400517FD5 /* Shakeable.swift */; };
/* End PBXBuildFile section */

/* Begin PBXContainerItemProxy section */
		6304EF311D59B22800517FD5 /* PBXContainerItemProxy */ = {
			isa = PBXContainerItemProxy;
			containerPortal = 6304EF141D59B22800517FD5 /* Project object */;
			proxyType = 1;
			remoteGlobalIDString = 6304EF1B1D59B22800517FD5;
			remoteInfo = TacoPOP;
		};
/* End PBXContainerItemProxy section */

/* Begin PBXFileReference section */
		6304EF1C1D59B22800517FD5 /* TacoPOP.app */ = {isa = PBXFileReference; explicitFileType = wrapper.application; includeInIndex = 0; path = TacoPOP.app; sourceTree = BUILT_PRODUCTS_DIR; };
		6304EF1F1D59B22800517FD5 /* AppDelegate.swift */ = {isa = PBXFileReference; lastKnownFileType = sourcecode.swift; path = AppDelegate.swift; sourceTree = "<group>"; };
		6304EF241D59B22800517FD5 /* Base */ = {isa = PBXFileReference; lastKnownFileType = file.storyboard; name = Base; path = Base.lproj/Main.storyboard; sourceTree = "<group>"; };
		6304EF261D59B22800517FD5 /* Assets.xcassets */ = {isa = PBXFileReference; lastKnownFileType = folder.assetcatalog; path = Assets.xcassets; sourceTree = "<group>"; };
		6304EF291D59B22800517FD5 /* Base */ = {isa = PBXFileReference; lastKnownFileType = file.storyboard; name = Base; path = Base.lproj/LaunchScreen.storyboard; sourceTree = "<group>"; };
		6304EF2B1D59B22800517FD5 /* Info.plist */ = {isa = PBXFileReference; lastKnownFileType = text.plist.xml; path = Info.plist; sourceTree = "<group>"; };
		6304EF301D59B22800517FD5 /* TacoPOPTests.xctest */ = {isa = PBXFileReference; explicitFileType = wrapper.cfbundle; includeInIndex = 0; path = TacoPOPTests.xctest; sourceTree = BUILT_PRODUCTS_DIR; };
		6304EF341D59B22800517FD5 /* TacoPOPTests.swift */ = {isa = PBXFileReference; lastKnownFileType = sourcecode.swift; path = TacoPOPTests.swift; sourceTree = "<group>"; };
		6304EF361D59B22800517FD5 /* Info.plist */ = {isa = PBXFileReference; lastKnownFileType = text.plist.xml; path = Info.plist; sourceTree = "<group>"; };
		6304EF451D59B2B700517FD5 /* MainVC.swift */ = {isa = PBXFileReference; fileEncoding = 4; lastKnownFileType = sourcecode.swift; path = MainVC.swift; sourceTree = "<group>"; };
		6304EF471D59B34E00517FD5 /* TacoPOPData.csv */ = {isa = PBXFileReference; fileEncoding = 4; lastKnownFileType = text; path = TacoPOPData.csv; sourceTree = "<group>"; };
		6304EF491D59B41900517FD5 /* DropShadow.swift */ = {isa = PBXFileReference; fileEncoding = 4; lastKnownFileType = sourcecode.swift; path = DropShadow.swift; sourceTree = "<group>"; };
		6304EF4B1D59B62E00517FD5 /* HeaderView.swift */ = {isa = PBXFileReference; fileEncoding = 4; lastKnownFileType = sourcecode.swift; path = HeaderView.swift; sourceTree = "<group>"; };
		6304EF4D1D59B7E500517FD5 /* Taco.swift */ = {isa = PBXFileReference; fileEncoding = 4; lastKnownFileType = sourcecode.swift; path = Taco.swift; sourceTree = "<group>"; };
		6304EF4F1D59BCBD00517FD5 /* DataService.swift */ = {isa = PBXFileReference; fileEncoding = 4; lastKnownFileType = sourcecode.swift; path = DataService.swift; sourceTree = "<group>"; };
		6304EF511D59C00100517FD5 /* TacoCell.swift */ = {isa = PBXFileReference; fileEncoding = 4; lastKnownFileType = sourcecode.swift; path = TacoCell.swift; sourceTree = "<group>"; };
		6304EF521D59C00100517FD5 /* TacoCell.xib */ = {isa = PBXFileReference; fileEncoding = 4; lastKnownFileType = file.xib; path = TacoCell.xib; sourceTree = "<group>"; };
		6304EF551D59C4BC00517FD5 /* ReuseableView.swift */ = {isa = PBXFileReference; fileEncoding = 4; lastKnownFileType = sourcecode.swift; path = ReuseableView.swift; sourceTree = "<group>"; };
		6304EF571D59C54000517FD5 /* NibLoadableView.swift */ = {isa = PBXFileReference; fileEncoding = 4; lastKnownFileType = sourcecode.swift; path = NibLoadableView.swift; sourceTree = "<group>"; };
		6304EF591D59C5A700517FD5 /* UICollectionView+Ext.swift */ = {isa = PBXFileReference; fileEncoding = 4; lastKnownFileType = sourcecode.swift; path = "UICollectionView+Ext.swift"; sourceTree = "<group>"; };
		6304EF5B1D59CA4800517FD5 /* MutableCollection+Ext.swift */ = {isa = PBXFileReference; fileEncoding = 4; lastKnownFileType = sourcecode.swift; path = "MutableCollection+Ext.swift"; sourceTree = "<group>"; };
		6304EF5D1D59CBA400517FD5 /* Shakeable.swift */ = {isa = PBXFileReference; fileEncoding = 4; lastKnownFileType = sourcecode.swift; path = Shakeable.swift; sourceTree = "<group>"; };
/* End PBXFileReference section */

/* Begin PBXFrameworksBuildPhase section */
		6304EF191D59B22800517FD5 /* Frameworks */ = {
			isa = PBXFrameworksBuildPhase;
			buildActionMask = 2147483647;
			files = (
			);
			runOnlyForDeploymentPostprocessing = 0;
		};
		6304EF2D1D59B22800517FD5 /* Frameworks */ = {
			isa = PBXFrameworksBuildPhase;
			buildActionMask = 2147483647;
			files = (
			);
			runOnlyForDeploymentPostprocessing = 0;
		};
/* End PBXFrameworksBuildPhase section */

/* Begin PBXGroup section */
		6304EF131D59B22800517FD5 = {
			isa = PBXGroup;
			children = (
				6304EF1E1D59B22800517FD5 /* TacoPOP */,
				6304EF331D59B22800517FD5 /* TacoPOPTests */,
				6304EF1D1D59B22800517FD5 /* Products */,
			);
			sourceTree = "<group>";
		};
		6304EF1D1D59B22800517FD5 /* Products */ = {
			isa = PBXGroup;
			children = (
				6304EF1C1D59B22800517FD5 /* TacoPOP.app */,
				6304EF301D59B22800517FD5 /* TacoPOPTests.xctest */,
			);
			name = Products;
			sourceTree = "<group>";
		};
		6304EF1E1D59B22800517FD5 /* TacoPOP */ = {
			isa = PBXGroup;
			children = (
				6304EF441D59B26B00517FD5 /* Extensions */,
				6304EF431D59B26100517FD5 /* Protocols */,
				6304EF411D59B25000517FD5 /* Model */,
				6304EF401D59B24A00517FD5 /* View */,
				6304EF3F1D59B24200517FD5 /* Controller */,
				6304EF421D59B25600517FD5 /* Resources */,
			);
			path = TacoPOP;
			sourceTree = "<group>";
		};
		6304EF331D59B22800517FD5 /* TacoPOPTests */ = {
			isa = PBXGroup;
			children = (
				6304EF341D59B22800517FD5 /* TacoPOPTests.swift */,
				6304EF361D59B22800517FD5 /* Info.plist */,
			);
			path = TacoPOPTests;
			sourceTree = "<group>";
		};
		6304EF3F1D59B24200517FD5 /* Controller */ = {
			isa = PBXGroup;
			children = (
				6304EF1F1D59B22800517FD5 /* AppDelegate.swift */,
				6304EF451D59B2B700517FD5 /* MainVC.swift */,
			);
			name = Controller;
			sourceTree = "<group>";
		};
		6304EF401D59B24A00517FD5 /* View */ = {
			isa = PBXGroup;
			children = (
				6304EF231D59B22800517FD5 /* Main.storyboard */,
				6304EF281D59B22800517FD5 /* LaunchScreen.storyboard */,
				6304EF4B1D59B62E00517FD5 /* HeaderView.swift */,
				6304EF511D59C00100517FD5 /* TacoCell.swift */,
				6304EF521D59C00100517FD5 /* TacoCell.xib */,
			);
			name = View;
			sourceTree = "<group>";
		};
		6304EF411D59B25000517FD5 /* Model */ = {
			isa = PBXGroup;
			children = (
				6304EF4D1D59B7E500517FD5 /* Taco.swift */,
				6304EF4F1D59BCBD00517FD5 /* DataService.swift */,
			);
			name = Model;
			sourceTree = "<group>";
		};
		6304EF421D59B25600517FD5 /* Resources */ = {
			isa = PBXGroup;
			children = (
				6304EF261D59B22800517FD5 /* Assets.xcassets */,
				6304EF471D59B34E00517FD5 /* TacoPOPData.csv */,
				6304EF2B1D59B22800517FD5 /* Info.plist */,
			);
			name = Resources;
			sourceTree = "<group>";
		};
		6304EF431D59B26100517FD5 /* Protocols */ = {
			isa = PBXGroup;
			children = (
				6304EF491D59B41900517FD5 /* DropShadow.swift */,
				6304EF551D59C4BC00517FD5 /* ReuseableView.swift */,
				6304EF571D59C54000517FD5 /* NibLoadableView.swift */,
				6304EF5D1D59CBA400517FD5 /* Shakeable.swift */,
			);
			name = Protocols;
			sourceTree = "<group>";
		};
		6304EF441D59B26B00517FD5 /* Extensions */ = {
			isa = PBXGroup;
			children = (
				6304EF591D59C5A700517FD5 /* UICollectionView+Ext.swift */,
				6304EF5B1D59CA4800517FD5 /* MutableCollection+Ext.swift */,
			);
			name = Extensions;
			sourceTree = "<group>";
		};
/* End PBXGroup section */

/* Begin PBXNativeTarget section */
		6304EF1B1D59B22800517FD5 /* TacoPOP */ = {
			isa = PBXNativeTarget;
			buildConfigurationList = 6304EF391D59B22800517FD5 /* Build configuration list for PBXNativeTarget "TacoPOP" */;
			buildPhases = (
				6304EF181D59B22800517FD5 /* Sources */,
				6304EF191D59B22800517FD5 /* Frameworks */,
				6304EF1A1D59B22800517FD5 /* Resources */,
			);
			buildRules = (
			);
			dependencies = (
			);
			name = TacoPOP;
			productName = TacoPOP;
			productReference = 6304EF1C1D59B22800517FD5 /* TacoPOP.app */;
			productType = "com.apple.product-type.application";
		};
		6304EF2F1D59B22800517FD5 /* TacoPOPTests */ = {
			isa = PBXNativeTarget;
			buildConfigurationList = 6304EF3C1D59B22800517FD5 /* Build configuration list for PBXNativeTarget "TacoPOPTests" */;
			buildPhases = (
				6304EF2C1D59B22800517FD5 /* Sources */,
				6304EF2D1D59B22800517FD5 /* Frameworks */,
				6304EF2E1D59B22800517FD5 /* Resources */,
			);
			buildRules = (
			);
			dependencies = (
				6304EF321D59B22800517FD5 /* PBXTargetDependency */,
			);
			name = TacoPOPTests;
			productName = TacoPOPTests;
			productReference = 6304EF301D59B22800517FD5 /* TacoPOPTests.xctest */;
			productType = "com.apple.product-type.bundle.unit-test";
		};
/* End PBXNativeTarget section */

/* Begin PBXProject section */
		6304EF141D59B22800517FD5 /* Project object */ = {
			isa = PBXProject;
			attributes = {
				LastSwiftUpdateCheck = 0800;
				LastUpgradeCheck = 0800;
				ORGANIZATIONNAME = Davidgun;
				TargetAttributes = {
					6304EF1B1D59B22800517FD5 = {
						CreatedOnToolsVersion = 8.0;
						DevelopmentTeam = GD8VREVBA4;
						ProvisioningStyle = Automatic;
					};
					6304EF2F1D59B22800517FD5 = {
						CreatedOnToolsVersion = 8.0;
						DevelopmentTeam = GD8VREVBA4;
						ProvisioningStyle = Automatic;
						TestTargetID = 6304EF1B1D59B22800517FD5;
					};
				};
			};
			buildConfigurationList = 6304EF171D59B22800517FD5 /* Build configuration list for PBXProject "TacoPOP" */;
			compatibilityVersion = "Xcode 3.2";
			developmentRegion = English;
			hasScannedForEncodings = 0;
			knownRegions = (
				en,
				Base,
			);
			mainGroup = 6304EF131D59B22800517FD5;
			productRefGroup = 6304EF1D1D59B22800517FD5 /* Products */;
			projectDirPath = "";
			projectRoot = "";
			targets = (
				6304EF1B1D59B22800517FD5 /* TacoPOP */,
				6304EF2F1D59B22800517FD5 /* TacoPOPTests */,
			);
		};
/* End PBXProject section */

/* Begin PBXResourcesBuildPhase section */
		6304EF1A1D59B22800517FD5 /* Resources */ = {
			isa = PBXResourcesBuildPhase;
			buildActionMask = 2147483647;
			files = (
				6304EF2A1D59B22800517FD5 /* LaunchScreen.storyboard in Resources */,
				6304EF481D59B34E00517FD5 /* TacoPOPData.csv in Resources */,
				6304EF271D59B22800517FD5 /* Assets.xcassets in Resources */,
				6304EF251D59B22800517FD5 /* Main.storyboard in Resources */,
				6304EF541D59C00100517FD5 /* TacoCell.xib in Resources */,
			);
			runOnlyForDeploymentPostprocessing = 0;
		};
		6304EF2E1D59B22800517FD5 /* Resources */ = {
			isa = PBXResourcesBuildPhase;
			buildActionMask = 2147483647;
			files = (
			);
			runOnlyForDeploymentPostprocessing = 0;
		};
/* End PBXResourcesBuildPhase section */

/* Begin PBXSourcesBuildPhase section */
		6304EF181D59B22800517FD5 /* Sources */ = {
			isa = PBXSourcesBuildPhase;
			buildActionMask = 2147483647;
			files = (
				6304EF531D59C00100517FD5 /* TacoCell.swift in Sources */,
				6304EF5C1D59CA4800517FD5 /* MutableCollection+Ext.swift in Sources */,
				6304EF561D59C4BC00517FD5 /* ReuseableView.swift in Sources */,
				6304EF201D59B22800517FD5 /* AppDelegate.swift in Sources */,
				6304EF581D59C54000517FD5 /* NibLoadableView.swift in Sources */,
				6304EF5A1D59C5A700517FD5 /* UICollectionView+Ext.swift in Sources */,
				6304EF4A1D59B41900517FD5 /* DropShadow.swift in Sources */,
				6304EF461D59B2B700517FD5 /* MainVC.swift in Sources */,
				6304EF501D59BCBD00517FD5 /* DataService.swift in Sources */,
				6304EF4E1D59B7E500517FD5 /* Taco.swift in Sources */,
				6304EF5E1D59CBA400517FD5 /* Shakeable.swift in Sources */,
				6304EF4C1D59B62E00517FD5 /* HeaderView.swift in Sources */,
			);
			runOnlyForDeploymentPostprocessing = 0;
		};
		6304EF2C1D59B22800517FD5 /* Sources */ = {
			isa = PBXSourcesBuildPhase;
			buildActionMask = 2147483647;
			files = (
				6304EF351D59B22800517FD5 /* TacoPOPTests.swift in Sources */,
			);
			runOnlyForDeploymentPostprocessing = 0;
		};
/* End PBXSourcesBuildPhase section */

/* Begin PBXTargetDependency section */
		6304EF321D59B22800517FD5 /* PBXTargetDependency */ = {
			isa = PBXTargetDependency;
			target = 6304EF1B1D59B22800517FD5 /* TacoPOP */;
			targetProxy = 6304EF311D59B22800517FD5 /* PBXContainerItemProxy */;
		};
/* End PBXTargetDependency section */

/* Begin PBXVariantGroup section */
		6304EF231D59B22800517FD5 /* Main.storyboard */ = {
			isa = PBXVariantGroup;
			children = (
				6304EF241D59B22800517FD5 /* Base */,
			);
			name = Main.storyboard;
			sourceTree = "<group>";
		};
		6304EF281D59B22800517FD5 /* LaunchScreen.storyboard */ = {
			isa = PBXVariantGroup;
			children = (
				6304EF291D59B22800517FD5 /* Base */,
			);
			name = LaunchScreen.storyboard;
			sourceTree = "<group>";
		};
/* End PBXVariantGroup section */

/* Begin XCBuildConfiguration section */
		6304EF371D59B22800517FD5 /* Debug */ = {
			isa = XCBuildConfiguration;
			buildSettings = {
				ALWAYS_SEARCH_USER_PATHS = NO;
				CLANG_ANALYZER_NONNULL = YES;
				CLANG_CXX_LANGUAGE_STANDARD = "gnu++0x";
				CLANG_CXX_LIBRARY = "libc++";
				CLANG_ENABLE_MODULES = YES;
				CLANG_ENABLE_OBJC_ARC = YES;
				CLANG_WARN_BOOL_CONVERSION = YES;
				CLANG_WARN_CONSTANT_CONVERSION = YES;
				CLANG_WARN_DIRECT_OBJC_ISA_USAGE = YES_ERROR;
				CLANG_WARN_DOCUMENTATION_COMMENTS = YES;
				CLANG_WARN_EMPTY_BODY = YES;
				CLANG_WARN_ENUM_CONVERSION = YES;
				CLANG_WARN_INFINITE_RECURSION = YES;
				CLANG_WARN_INT_CONVERSION = YES;
				CLANG_WARN_OBJC_ROOT_CLASS = YES_ERROR;
				CLANG_WARN_SUSPICIOUS_MOVES = YES;
				CLANG_WARN_UNREACHABLE_CODE = YES;
				CLANG_WARN__DUPLICATE_METHOD_MATCH = YES;
				"CODE_SIGN_IDENTITY[sdk=iphoneos*]" = "iPhone Developer";
				COPY_PHASE_STRIP = NO;
				DEBUG_INFORMATION_FORMAT = dwarf;
				ENABLE_STRICT_OBJC_MSGSEND = YES;
				ENABLE_TESTABILITY = YES;
				GCC_C_LANGUAGE_STANDARD = gnu99;
				GCC_DYNAMIC_NO_PIC = NO;
				GCC_NO_COMMON_BLOCKS = YES;
				GCC_OPTIMIZATION_LEVEL = 0;
				GCC_PREPROCESSOR_DEFINITIONS = (
					"DEBUG=1",
					"$(inherited)",
				);
				GCC_WARN_64_TO_32_BIT_CONVERSION = YES;
				GCC_WARN_ABOUT_RETURN_TYPE = YES_ERROR;
				GCC_WARN_UNDECLARED_SELECTOR = YES;
				GCC_WARN_UNINITIALIZED_AUTOS = YES_AGGRESSIVE;
				GCC_WARN_UNUSED_FUNCTION = YES;
				GCC_WARN_UNUSED_VARIABLE = YES;
				IPHONEOS_DEPLOYMENT_TARGET = 10.0;
				MTL_ENABLE_DEBUG_INFO = YES;
				ONLY_ACTIVE_ARCH = YES;
				SDKROOT = iphoneos;
				SWIFT_ACTIVE_COMPILATION_CONDITIONS = DEBUG;
				SWIFT_OPTIMIZATION_LEVEL = "-Onone";
				TARGETED_DEVICE_FAMILY = "1,2";
			};
			name = Debug;
		};
		6304EF381D59B22800517FD5 /* Release */ = {
			isa = XCBuildConfiguration;
			buildSettings = {
				ALWAYS_SEARCH_USER_PATHS = NO;
				CLANG_ANALYZER_NONNULL = YES;
				CLANG_CXX_LANGUAGE_STANDARD = "gnu++0x";
				CLANG_CXX_LIBRARY = "libc++";
				CLANG_ENABLE_MODULES = YES;
				CLANG_ENABLE_OBJC_ARC = YES;
				CLANG_WARN_BOOL_CONVERSION = YES;
				CLANG_WARN_CONSTANT_CONVERSION = YES;
				CLANG_WARN_DIRECT_OBJC_ISA_USAGE = YES_ERROR;
				CLANG_WARN_DOCUMENTATION_COMMENTS = YES;
				CLANG_WARN_EMPTY_BODY = YES;
				CLANG_WARN_ENUM_CONVERSION = YES;
				CLANG_WARN_INFINITE_RECURSION = YES;
				CLANG_WARN_INT_CONVERSION = YES;
				CLANG_WARN_OBJC_ROOT_CLASS = YES_ERROR;
				CLANG_WARN_SUSPICIOUS_MOVES = YES;
				CLANG_WARN_UNREACHABLE_CODE = YES;
				CLANG_WARN__DUPLICATE_METHOD_MATCH = YES;
				"CODE_SIGN_IDENTITY[sdk=iphoneos*]" = "iPhone Developer";
				COPY_PHASE_STRIP = NO;
				DEBUG_INFORMATION_FORMAT = "dwarf-with-dsym";
				ENABLE_NS_ASSERTIONS = NO;
				ENABLE_STRICT_OBJC_MSGSEND = YES;
				GCC_C_LANGUAGE_STANDARD = gnu99;
				GCC_NO_COMMON_BLOCKS = YES;
				GCC_WARN_64_TO_32_BIT_CONVERSION = YES;
				GCC_WARN_ABOUT_RETURN_TYPE = YES_ERROR;
				GCC_WARN_UNDECLARED_SELECTOR = YES;
				GCC_WARN_UNINITIALIZED_AUTOS = YES_AGGRESSIVE;
				GCC_WARN_UNUSED_FUNCTION = YES;
				GCC_WARN_UNUSED_VARIABLE = YES;
				IPHONEOS_DEPLOYMENT_TARGET = 10.0;
				MTL_ENABLE_DEBUG_INFO = NO;
				SDKROOT = iphoneos;
				SWIFT_OPTIMIZATION_LEVEL = "-Owholemodule";
				TARGETED_DEVICE_FAMILY = "1,2";
				VALIDATE_PRODUCT = YES;
			};
			name = Release;
		};
		6304EF3A1D59B22800517FD5 /* Debug */ = {
			isa = XCBuildConfiguration;
			buildSettings = {
				ASSETCATALOG_COMPILER_APPICON_NAME = AppIcon;
				DEVELOPMENT_TEAM = GD8VREVBA4;
				INFOPLIST_FILE = TacoPOP/Info.plist;
				LD_RUNPATH_SEARCH_PATHS = "$(inherited) @executable_path/Frameworks";
				PRODUCT_BUNDLE_IDENTIFIER = com.ligun.TacoPOP;
				PRODUCT_NAME = "$(TARGET_NAME)";
				SWIFT_VERSION = 3.0;
			};
			name = Debug;
		};
		6304EF3B1D59B22800517FD5 /* Release */ = {
			isa = XCBuildConfiguration;
			buildSettings = {
				ASSETCATALOG_COMPILER_APPICON_NAME = AppIcon;
				DEVELOPMENT_TEAM = GD8VREVBA4;
				INFOPLIST_FILE = TacoPOP/Info.plist;
				LD_RUNPATH_SEARCH_PATHS = "$(inherited) @executable_path/Frameworks";
				PRODUCT_BUNDLE_IDENTIFIER = com.ligun.TacoPOP;
				PRODUCT_NAME = "$(TARGET_NAME)";
				SWIFT_VERSION = 3.0;
			};
			name = Release;
		};
		6304EF3D1D59B22800517FD5 /* Debug */ = {
			isa = XCBuildConfiguration;
			buildSettings = {
				BUNDLE_LOADER = "$(TEST_HOST)";
				DEVELOPMENT_TEAM = GD8VREVBA4;
				INFOPLIST_FILE = TacoPOPTests/Info.plist;
				LD_RUNPATH_SEARCH_PATHS = "$(inherited) @executable_path/Frameworks @loader_path/Frameworks";
				PRODUCT_BUNDLE_IDENTIFIER = com.ligun.TacoPOPTests;
				PRODUCT_NAME = "$(TARGET_NAME)";
				SWIFT_VERSION = 3.0;
				TEST_HOST = "$(BUILT_PRODUCTS_DIR)/TacoPOP.app/TacoPOP";
			};
			name = Debug;
		};
		6304EF3E1D59B22800517FD5 /* Release */ = {
			isa = XCBuildConfiguration;
			buildSettings = {
				BUNDLE_LOADER = "$(TEST_HOST)";
				DEVELOPMENT_TEAM = GD8VREVBA4;
				INFOPLIST_FILE = TacoPOPTests/Info.plist;
				LD_RUNPATH_SEARCH_PATHS = "$(inherited) @executable_path/Frameworks @loader_path/Frameworks";
				PRODUCT_BUNDLE_IDENTIFIER = com.ligun.TacoPOPTests;
				PRODUCT_NAME = "$(TARGET_NAME)";
				SWIFT_VERSION = 3.0;
				TEST_HOST = "$(BUILT_PRODUCTS_DIR)/TacoPOP.app/TacoPOP";
			};
			name = Release;
		};
/* End XCBuildConfiguration section */

/* Begin XCConfigurationList section */
		6304EF171D59B22800517FD5 /* Build configuration list for PBXProject "TacoPOP" */ = {
			isa = XCConfigurationList;
			buildConfigurations = (
				6304EF371D59B22800517FD5 /* Debug */,
				6304EF381D59B22800517FD5 /* Release */,
			);
			defaultConfigurationIsVisible = 0;
			defaultConfigurationName = Release;
		};
		6304EF391D59B22800517FD5 /* Build configuration list for PBXNativeTarget "TacoPOP" */ = {
			isa = XCConfigurationList;
			buildConfigurations = (
				6304EF3A1D59B22800517FD5 /* Debug */,
				6304EF3B1D59B22800517FD5 /* Release */,
			);
			defaultConfigurationIsVisible = 0;
		};
		6304EF3C1D59B22800517FD5 /* Build configuration list for PBXNativeTarget "TacoPOPTests" */ = {
			isa = XCConfigurationList;
			buildConfigurations = (
				6304EF3D1D59B22800517FD5 /* Debug */,
				6304EF3E1D59B22800517FD5 /* Release */,
			);
			defaultConfigurationIsVisible = 0;
		};
/* End XCConfigurationList section */
	};
	rootObject = 6304EF141D59B22800517FD5 /* Project object */;
}
